
Microsoft Visual Studio Solution File, Format Version 12.00
# Visual Studio Version 16
VisualStudioVersion = 16.0.31112.23
MinimumVisualStudioVersion = 10.0.40219.1
Project("{9A19103F-16F7-4668-BE54-9A1E7A4F7556}") = "API CidadesClientes", "API CidadesClientes\API CidadesClientes.csproj", "{79515A08-B577-4AAB-B5C5-3E404CBA2AB2}"
EndProject
Project("{FAE04EC0-301F-11D3-BF4B-00C04F79EFBC}") = "Projeto_De_Testes_Automaticos", "Projeto_De_Testes_Automaticos\Projeto_De_Testes_Automaticos.csproj", "{7FEDA2B2-B5EC-4BD1-AC85-0A5C34399BC3}"
EndProject
Global
	GlobalSection(SolutionConfigurationPlatforms) = preSolution
		Debug|Any CPU = Debug|Any CPU
		Release|Any CPU = Release|Any CPU
	EndGlobalSection
	GlobalSection(ProjectConfigurationPlatforms) = postSolution
		{79515A08-B577-4AAB-B5C5-3E404CBA2AB2}.Debug|Any CPU.ActiveCfg = Debug|Any CPU
		{79515A08-B577-4AAB-B5C5-3E404CBA2AB2}.Debug|Any CPU.Build.0 = Debug|Any CPU
		{79515A08-B577-4AAB-B5C5-3E404CBA2AB2}.Release|Any CPU.ActiveCfg = Release|Any CPU
		{79515A08-B577-4AAB-B5C5-3E404CBA2AB2}.Release|Any CPU.Build.0 = Release|Any CPU
		{7FEDA2B2-B5EC-4BD1-AC85-0A5C34399BC3}.Debug|Any CPU.ActiveCfg = Debug|Any CPU
		{7FEDA2B2-B5EC-4BD1-AC85-0A5C34399BC3}.Debug|Any CPU.Build.0 = Debug|Any CPU
		{7FEDA2B2-B5EC-4BD1-AC85-0A5C34399BC3}.Release|Any CPU.ActiveCfg = Release|Any CPU
		{7FEDA2B2-B5EC-4BD1-AC85-0A5C34399BC3}.Release|Any CPU.Build.0 = Release|Any CPU
	EndGlobalSection
	GlobalSection(SolutionProperties) = preSolution
		HideSolutionNode = FALSE
	EndGlobalSection
	GlobalSection(ExtensibilityGlobals) = postSolution
		SolutionGuid = {650E6C62-CB9F-425A-9CC1-BCD8D9787370}
	EndGlobalSection
EndGlobal
